// !$*UTF8*$!
{
	archiveVersion = 1;
	classes = {
	};
	objectVersion = 50;
	objects = {

/* Begin PBXBuildFile section */
		0F95053E216072D3005FE705 /* AppDelegate.swift in Sources */ = {isa = PBXBuildFile; fileRef = 0F95053D216072D3005FE705 /* AppDelegate.swift */; };
		0F950540216072D3005FE705 /* ViewController.swift in Sources */ = {isa = PBXBuildFile; fileRef = 0F95053F216072D3005FE705 /* ViewController.swift */; };
		0F950543216072D3005FE705 /* Main.storyboard in Resources */ = {isa = PBXBuildFile; fileRef = 0F950541216072D3005FE705 /* Main.storyboard */; };
		0F950545216072D5005FE705 /* Assets.xcassets in Resources */ = {isa = PBXBuildFile; fileRef = 0F950544216072D5005FE705 /* Assets.xcassets */; };
		0F950548216072D5005FE705 /* LaunchScreen.storyboard in Resources */ = {isa = PBXBuildFile; fileRef = 0F950546216072D5005FE705 /* LaunchScreen.storyboard */; };
		0F950553216072D5005FE705 /* ToyTests.swift in Sources */ = {isa = PBXBuildFile; fileRef = 0F950552216072D5005FE705 /* ToyTests.swift */; };
		0F95055E216072D5005FE705 /* ToyUITests.swift in Sources */ = {isa = PBXBuildFile; fileRef = 0F95055D216072D5005FE705 /* ToyUITests.swift */; };
/* End PBXBuildFile section */

/* Begin PBXContainerItemProxy section */
		0F95054F216072D5005FE705 /* PBXContainerItemProxy */ = {
			isa = PBXContainerItemProxy;
			containerPortal = 0F950532216072D3005FE705 /* Project object */;
			proxyType = 1;
			remoteGlobalIDString = 0F950539216072D3005FE705;
			remoteInfo = Toy;
		};
		0F95055A216072D5005FE705 /* PBXContainerItemProxy */ = {
			isa = PBXContainerItemProxy;
			containerPortal = 0F950532216072D3005FE705 /* Project object */;
			proxyType = 1;
			remoteGlobalIDString = 0F950539216072D3005FE705;
			remoteInfo = Toy;
		};
/* End PBXContainerItemProxy section */

/* Begin PBXFileReference section */
		0F95053A216072D3005FE705 /* Toy.app */ = {isa = PBXFileReference; explicitFileType = wrapper.application; includeInIndex = 0; path = Toy.app; sourceTree = BUILT_PRODUCTS_DIR; };
		0F95053D216072D3005FE705 /* AppDelegate.swift */ = {isa = PBXFileReference; lastKnownFileType = sourcecode.swift; path = AppDelegate.swift; sourceTree = "<group>"; };
		0F95053F216072D3005FE705 /* ViewController.swift */ = {isa = PBXFileReference; lastKnownFileType = sourcecode.swift; path = ViewController.swift; sourceTree = "<group>"; };
		0F950542216072D3005FE705 /* Base */ = {isa = PBXFileReference; lastKnownFileType = file.storyboard; name = Base; path = Base.lproj/Main.storyboard; sourceTree = "<group>"; };
		0F950544216072D5005FE705 /* Assets.xcassets */ = {isa = PBXFileReference; lastKnownFileType = folder.assetcatalog; path = Assets.xcassets; sourceTree = "<group>"; };
		0F950547216072D5005FE705 /* Base */ = {isa = PBXFileReference; lastKnownFileType = file.storyboard; name = Base; path = Base.lproj/LaunchScreen.storyboard; sourceTree = "<group>"; };
		0F950549216072D5005FE705 /* Info.plist */ = {isa = PBXFileReference; lastKnownFileType = text.plist.xml; path = Info.plist; sourceTree = "<group>"; };
		0F95054E216072D5005FE705 /* ToyTests.xctest */ = {isa = PBXFileReference; explicitFileType = wrapper.cfbundle; includeInIndex = 0; path = ToyTests.xctest; sourceTree = BUILT_PRODUCTS_DIR; };
		0F950552216072D5005FE705 /* ToyTests.swift */ = {isa = PBXFileReference; lastKnownFileType = sourcecode.swift; path = ToyTests.swift; sourceTree = "<group>"; };
		0F950554216072D5005FE705 /* Info.plist */ = {isa = PBXFileReference; lastKnownFileType = text.plist.xml; path = Info.plist; sourceTree = "<group>"; };
		0F950559216072D5005FE705 /* ToyUITests.xctest */ = {isa = PBXFileReference; explicitFileType = wrapper.cfbundle; includeInIndex = 0; path = ToyUITests.xctest; sourceTree = BUILT_PRODUCTS_DIR; };
		0F95055D216072D5005FE705 /* ToyUITests.swift */ = {isa = PBXFileReference; lastKnownFileType = sourcecode.swift; path = ToyUITests.swift; sourceTree = "<group>"; };
		0F95055F216072D5005FE705 /* Info.plist */ = {isa = PBXFileReference; lastKnownFileType = text.plist.xml; path = Info.plist; sourceTree = "<group>"; };
/* End PBXFileReference section */

/* Begin PBXFrameworksBuildPhase section */
		0F950537216072D3005FE705 /* Frameworks */ = {
			isa = PBXFrameworksBuildPhase;
			buildActionMask = 2147483647;
			files = (
			);
			runOnlyForDeploymentPostprocessing = 0;
		};
		0F95054B216072D5005FE705 /* Frameworks */ = {
			isa = PBXFrameworksBuildPhase;
			buildActionMask = 2147483647;
			files = (
			);
			runOnlyForDeploymentPostprocessing = 0;
		};
		0F950556216072D5005FE705 /* Frameworks */ = {
			isa = PBXFrameworksBuildPhase;
			buildActionMask = 2147483647;
			files = (
			);
			runOnlyForDeploymentPostprocessing = 0;
		};
/* End PBXFrameworksBuildPhase section */

/* Begin PBXGroup section */
		0F950531216072D3005FE705 = {
			isa = PBXGroup;
			children = (
				0F95053C216072D3005FE705 /* Toy */,
				0F950551216072D5005FE705 /* ToyTests */,
				0F95055C216072D5005FE705 /* ToyUITests */,
				0F95053B216072D3005FE705 /* Products */,
			);
			sourceTree = "<group>";
		};
		0F95053B216072D3005FE705 /* Products */ = {
			isa = PBXGroup;
			children = (
				0F95053A216072D3005FE705 /* Toy.app */,
				0F95054E216072D5005FE705 /* ToyTests.xctest */,
				0F950559216072D5005FE705 /* ToyUITests.xctest */,
			);
			name = Products;
			sourceTree = "<group>";
		};
		0F95053C216072D3005FE705 /* Toy */ = {
			isa = PBXGroup;
			children = (
				0F95053D216072D3005FE705 /* AppDelegate.swift */,
				0F95053F216072D3005FE705 /* ViewController.swift */,
				0F950541216072D3005FE705 /* Main.storyboard */,
				0F950544216072D5005FE705 /* Assets.xcassets */,
				0F950546216072D5005FE705 /* LaunchScreen.storyboard */,
				0F950549216072D5005FE705 /* Info.plist */,
			);
			path = Toy;
			sourceTree = "<group>";
		};
		0F950551216072D5005FE705 /* ToyTests */ = {
			isa = PBXGroup;
			children = (
				0F950552216072D5005FE705 /* ToyTests.swift */,
				0F950554216072D5005FE705 /* Info.plist */,
			);
			path = ToyTests;
			sourceTree = "<group>";
		};
		0F95055C216072D5005FE705 /* ToyUITests */ = {
			isa = PBXGroup;
			children = (
				0F95055D216072D5005FE705 /* ToyUITests.swift */,
				0F95055F216072D5005FE705 /* Info.plist */,
			);
			path = ToyUITests;
			sourceTree = "<group>";
		};
/* End PBXGroup section */

/* Begin PBXNativeTarget section */
		0F950539216072D3005FE705 /* Toy */ = {
			isa = PBXNativeTarget;
			buildConfigurationList = 0F950562216072D5005FE705 /* Build configuration list for PBXNativeTarget "Toy" */;
			buildPhases = (
				0F950536216072D3005FE705 /* Sources */,
				0F950537216072D3005FE705 /* Frameworks */,
				0F950538216072D3005FE705 /* Resources */,
			);
			buildRules = (
			);
			dependencies = (
			);
			name = Toy;
			productName = Toy;
			productReference = 0F95053A216072D3005FE705 /* Toy.app */;
			productType = "com.apple.product-type.application";
		};
		0F95054D216072D5005FE705 /* ToyTests */ = {
			isa = PBXNativeTarget;
			buildConfigurationList = 0F950565216072D5005FE705 /* Build configuration list for PBXNativeTarget "ToyTests" */;
			buildPhases = (
				0F95054A216072D5005FE705 /* Sources */,
				0F95054B216072D5005FE705 /* Frameworks */,
				0F95054C216072D5005FE705 /* Resources */,
			);
			buildRules = (
			);
			dependencies = (
				0F950550216072D5005FE705 /* PBXTargetDependency */,
			);
			name = ToyTests;
			productName = ToyTests;
			productReference = 0F95054E216072D5005FE705 /* ToyTests.xctest */;
			productType = "com.apple.product-type.bundle.unit-test";
		};
		0F950558216072D5005FE705 /* ToyUITests */ = {
			isa = PBXNativeTarget;
			buildConfigurationList = 0F950568216072D5005FE705 /* Build configuration list for PBXNativeTarget "ToyUITests" */;
			buildPhases = (
				0F950555216072D5005FE705 /* Sources */,
				0F950556216072D5005FE705 /* Frameworks */,
				0F950557216072D5005FE705 /* Resources */,
			);
			buildRules = (
			);
			dependencies = (
				0F95055B216072D5005FE705 /* PBXTargetDependency */,
			);
			name = ToyUITests;
			productName = ToyUITests;
			productReference = 0F950559216072D5005FE705 /* ToyUITests.xctest */;
			productType = "com.apple.product-type.bundle.ui-testing";
		};
/* End PBXNativeTarget section */

/* Begin PBXProject section */
		0F950532216072D3005FE705 /* Project object */ = {
			isa = PBXProject;
			attributes = {
				LastSwiftUpdateCheck = 0940;
				LastUpgradeCheck = 0940;
				ORGANIZATIONNAME = "Tran Le";
				TargetAttributes = {
					0F950539216072D3005FE705 = {
						CreatedOnToolsVersion = 9.4.1;
					};
					0F95054D216072D5005FE705 = {
						CreatedOnToolsVersion = 9.4.1;
						TestTargetID = 0F950539216072D3005FE705;
					};
					0F950558216072D5005FE705 = {
						CreatedOnToolsVersion = 9.4.1;
						TestTargetID = 0F950539216072D3005FE705;
					};
				};
			};
			buildConfigurationList = 0F950535216072D3005FE705 /* Build configuration list for PBXProject "Toy" */;
			compatibilityVersion = "Xcode 9.3";
			developmentRegion = en;
			hasScannedForEncodings = 0;
			knownRegions = (
				en,
				Base,
			);
			mainGroup = 0F950531216072D3005FE705;
			productRefGroup = 0F95053B216072D3005FE705 /* Products */;
			projectDirPath = "";
			projectRoot = "";
			targets = (
				0F950539216072D3005FE705 /* Toy */,
				0F95054D216072D5005FE705 /* ToyTests */,
				0F950558216072D5005FE705 /* ToyUITests */,
			);
		};
/* End PBXProject section */

/* Begin PBXResourcesBuildPhase section */
		0F950538216072D3005FE705 /* Resources */ = {
			isa = PBXResourcesBuildPhase;
			buildActionMask = 2147483647;
			files = (
				0F950548216072D5005FE705 /* LaunchScreen.storyboard in Resources */,
				0F950545216072D5005FE705 /* Assets.xcassets in Resources */,
				0F950543216072D3005FE705 /* Main.storyboard in Resources */,
			);
			runOnlyForDeploymentPostprocessing = 0;
		};
		0F95054C216072D5005FE705 /* Resources */ = {
			isa = PBXResourcesBuildPhase;
			buildActionMask = 2147483647;
			files = (
			);
			runOnlyForDeploymentPostprocessing = 0;
		};
		0F950557216072D5005FE705 /* Resources */ = {
			isa = PBXResourcesBuildPhase;
			buildActionMask = 2147483647;
			files = (
			);
			runOnlyForDeploymentPostprocessing = 0;
		};
/* End PBXResourcesBuildPhase section */

/* Begin PBXSourcesBuildPhase section */
		0F950536216072D3005FE705 /* Sources */ = {
			isa = PBXSourcesBuildPhase;
			buildActionMask = 2147483647;
			files = (
				0F950540216072D3005FE705 /* ViewController.swift in Sources */,
				0F95053E216072D3005FE705 /* AppDelegate.swift in Sources */,
			);
			runOnlyForDeploymentPostprocessing = 0;
		};
		0F95054A216072D5005FE705 /* Sources */ = {
			isa = PBXSourcesBuildPhase;
			buildActionMask = 2147483647;
			files = (
				0F950553216072D5005FE705 /* ToyTests.swift in Sources */,
			);
			runOnlyForDeploymentPostprocessing = 0;
		};
		0F950555216072D5005FE705 /* Sources */ = {
			isa = PBXSourcesBuildPhase;
			buildActionMask = 2147483647;
			files = (
				0F95055E216072D5005FE705 /* ToyUITests.swift in Sources */,
			);
			runOnlyForDeploymentPostprocessing = 0;
		};
/* End PBXSourcesBuildPhase section */

/* Begin PBXTargetDependency section */
		0F950550216072D5005FE705 /* PBXTargetDependency */ = {
			isa = PBXTargetDependency;
			target = 0F950539216072D3005FE705 /* Toy */;
			targetProxy = 0F95054F216072D5005FE705 /* PBXContainerItemProxy */;
		};
		0F95055B216072D5005FE705 /* PBXTargetDependency */ = {
			isa = PBXTargetDependency;
			target = 0F950539216072D3005FE705 /* Toy */;
			targetProxy = 0F95055A216072D5005FE705 /* PBXContainerItemProxy */;
		};
/* End PBXTargetDependency section */

/* Begin PBXVariantGroup section */
		0F950541216072D3005FE705 /* Main.storyboard */ = {
			isa = PBXVariantGroup;
			children = (
				0F950542216072D3005FE705 /* Base */,
			);
			name = Main.storyboard;
			sourceTree = "<group>";
		};
		0F950546216072D5005FE705 /* LaunchScreen.storyboard */ = {
			isa = PBXVariantGroup;
			children = (
				0F950547216072D5005FE705 /* Base */,
			);
			name = LaunchScreen.storyboard;
			sourceTree = "<group>";
		};
/* End PBXVariantGroup section */

/* Begin XCBuildConfiguration section */
		0F950560216072D5005FE705 /* Debug */ = {
			isa = XCBuildConfiguration;
			buildSettings = {
				ALWAYS_SEARCH_USER_PATHS = NO;
				CLANG_ANALYZER_NONNULL = YES;
				CLANG_ANALYZER_NUMBER_OBJECT_CONVERSION = YES_AGGRESSIVE;
				CLANG_CXX_LANGUAGE_STANDARD = "gnu++14";
				CLANG_CXX_LIBRARY = "libc++";
				CLANG_ENABLE_MODULES = YES;
				CLANG_ENABLE_OBJC_ARC = YES;
				CLANG_ENABLE_OBJC_WEAK = YES;
				CLANG_WARN_BLOCK_CAPTURE_AUTORELEASING = YES;
				CLANG_WARN_BOOL_CONVERSION = YES;
				CLANG_WARN_COMMA = YES;
				CLANG_WARN_CONSTANT_CONVERSION = YES;
				CLANG_WARN_DEPRECATED_OBJC_IMPLEMENTATIONS = YES;
				CLANG_WARN_DIRECT_OBJC_ISA_USAGE = YES_ERROR;
				CLANG_WARN_DOCUMENTATION_COMMENTS = YES;
				CLANG_WARN_EMPTY_BODY = YES;
				CLANG_WARN_ENUM_CONVERSION = YES;
				CLANG_WARN_INFINITE_RECURSION = YES;
				CLANG_WARN_INT_CONVERSION = YES;
				CLANG_WARN_NON_LITERAL_NULL_CONVERSION = YES;
				CLANG_WARN_OBJC_IMPLICIT_RETAIN_SELF = YES;
				CLANG_WARN_OBJC_LITERAL_CONVERSION = YES;
				CLANG_WARN_OBJC_ROOT_CLASS = YES_ERROR;
				CLANG_WARN_RANGE_LOOP_ANALYSIS = YES;
				CLANG_WARN_STRICT_PROTOTYPES = YES;
				CLANG_WARN_SUSPICIOUS_MOVE = YES;
				CLANG_WARN_UNGUARDED_AVAILABILITY = YES_AGGRESSIVE;
				CLANG_WARN_UNREACHABLE_CODE = YES;
				CLANG_WARN__DUPLICATE_METHOD_MATCH = YES;
				CODE_SIGN_IDENTITY = "iPhone Developer";
				COPY_PHASE_STRIP = NO;
				DEBUG_INFORMATION_FORMAT = dwarf;
				ENABLE_STRICT_OBJC_MSGSEND = YES;
				ENABLE_TESTABILITY = YES;
				GCC_C_LANGUAGE_STANDARD = gnu11;
				GCC_DYNAMIC_NO_PIC = NO;
				GCC_NO_COMMON_BLOCKS = YES;
				GCC_OPTIMIZATION_LEVEL = 0;
				GCC_PREPROCESSOR_DEFINITIONS = (
					"DEBUG=1",
					"$(inherited)",
				);
				GCC_WARN_64_TO_32_BIT_CONVERSION = YES;
				GCC_WARN_ABOUT_RETURN_TYPE = YES_ERROR;
				GCC_WARN_UNDECLARED_SELECTOR = YES;
				GCC_WARN_UNINITIALIZED_AUTOS = YES_AGGRESSIVE;
				GCC_WARN_UNUSED_FUNCTION = YES;
				GCC_WARN_UNUSED_VARIABLE = YES;
				IPHONEOS_DEPLOYMENT_TARGET = 11.4;
				MTL_ENABLE_DEBUG_INFO = YES;
				ONLY_ACTIVE_ARCH = YES;
				SDKROOT = iphoneos;
				SWIFT_ACTIVE_COMPILATION_CONDITIONS = DEBUG;
				SWIFT_OPTIMIZATION_LEVEL = "-Onone";
			};
			name = Debug;
		};
		0F950561216072D5005FE705 /* Release */ = {
			isa = XCBuildConfiguration;
			buildSettings = {
				ALWAYS_SEARCH_USER_PATHS = NO;
				CLANG_ANALYZER_NONNULL = YES;
				CLANG_ANALYZER_NUMBER_OBJECT_CONVERSION = YES_AGGRESSIVE;
				CLANG_CXX_LANGUAGE_STANDARD = "gnu++14";
				CLANG_CXX_LIBRARY = "libc++";
				CLANG_ENABLE_MODULES = YES;
				CLANG_ENABLE_OBJC_ARC = YES;
				CLANG_ENABLE_OBJC_WEAK = YES;
				CLANG_WARN_BLOCK_CAPTURE_AUTORELEASING = YES;
				CLANG_WARN_BOOL_CONVERSION = YES;
				CLANG_WARN_COMMA = YES;
				CLANG_WARN_CONSTANT_CONVERSION = YES;
				CLANG_WARN_DEPRECATED_OBJC_IMPLEMENTATIONS = YES;
				CLANG_WARN_DIRECT_OBJC_ISA_USAGE = YES_ERROR;
				CLANG_WARN_DOCUMENTATION_COMMENTS = YES;
				CLANG_WARN_EMPTY_BODY = YES;
				CLANG_WARN_ENUM_CONVERSION = YES;
				CLANG_WARN_INFINITE_RECURSION = YES;
				CLANG_WARN_INT_CONVERSION = YES;
				CLANG_WARN_NON_LITERAL_NULL_CONVERSION = YES;
				CLANG_WARN_OBJC_IMPLICIT_RETAIN_SELF = YES;
				CLANG_WARN_OBJC_LITERAL_CONVERSION = YES;
				CLANG_WARN_OBJC_ROOT_CLASS = YES_ERROR;
				CLANG_WARN_RANGE_LOOP_ANALYSIS = YES;
				CLANG_WARN_STRICT_PROTOTYPES = YES;
				CLANG_WARN_SUSPICIOUS_MOVE = YES;
				CLANG_WARN_UNGUARDED_AVAILABILITY = YES_AGGRESSIVE;
				CLANG_WARN_UNREACHABLE_CODE = YES;
				CLANG_WARN__DUPLICATE_METHOD_MATCH = YES;
				CODE_SIGN_IDENTITY = "iPhone Developer";
				COPY_PHASE_STRIP = NO;
				DEBUG_INFORMATION_FORMAT = "dwarf-with-dsym";
				ENABLE_NS_ASSERTIONS = NO;
				ENABLE_STRICT_OBJC_MSGSEND = YES;
				GCC_C_LANGUAGE_STANDARD = gnu11;
				GCC_NO_COMMON_BLOCKS = YES;
				GCC_WARN_64_TO_32_BIT_CONVERSION = YES;
				GCC_WARN_ABOUT_RETURN_TYPE = YES_ERROR;
				GCC_WARN_UNDECLARED_SELECTOR = YES;
				GCC_WARN_UNINITIALIZED_AUTOS = YES_AGGRESSIVE;
				GCC_WARN_UNUSED_FUNCTION = YES;
				GCC_WARN_UNUSED_VARIABLE = YES;
				IPHONEOS_DEPLOYMENT_TARGET = 11.4;
				MTL_ENABLE_DEBUG_INFO = NO;
				SDKROOT = iphoneos;
				SWIFT_COMPILATION_MODE = wholemodule;
				SWIFT_OPTIMIZATION_LEVEL = "-O";
				VALIDATE_PRODUCT = YES;
			};
			name = Release;
		};
		0F950563216072D5005FE705 /* Debug */ = {
			isa = XCBuildConfiguration;
			buildSettings = {
				ASSETCATALOG_COMPILER_APPICON_NAME = AppIcon;
				CODE_SIGN_STYLE = Automatic;
				INFOPLIST_FILE = Toy/Info.plist;
				LD_RUNPATH_SEARCH_PATHS = (
					"$(inherited)",
					"@executable_path/Frameworks",
				);
				PRODUCT_BUNDLE_IDENTIFIER = appdev.Toy;
				PRODUCT_NAME = "$(TARGET_NAME)";
				SWIFT_VERSION = 4.0;
				TARGETED_DEVICE_FAMILY = "1,2";
			};
			name = Debug;
		};
		0F950564216072D5005FE705 /* Release */ = {
			isa = XCBuildConfiguration;
			buildSettings = {
				ASSETCATALOG_COMPILER_APPICON_NAME = AppIcon;
				CODE_SIGN_STYLE = Automatic;
				INFOPLIST_FILE = Toy/Info.plist;
				LD_RUNPATH_SEARCH_PATHS = (
					"$(inherited)",
					"@executable_path/Frameworks",
				);
				PRODUCT_BUNDLE_IDENTIFIER = appdev.Toy;
				PRODUCT_NAME = "$(TARGET_NAME)";
				SWIFT_VERSION = 4.0;
				TARGETED_DEVICE_FAMILY = "1,2";
			};
			name = Release;
		};
		0F950566216072D5005FE705 /* Debug */ = {
			isa = XCBuildConfiguration;
			buildSettings = {
				ALWAYS_EMBED_SWIFT_STANDARD_LIBRARIES = YES;
				BUNDLE_LOADER = "$(TEST_HOST)";
				CODE_SIGN_STYLE = Automatic;
				INFOPLIST_FILE = ToyTests/Info.plist;
				LD_RUNPATH_SEARCH_PATHS = (
					"$(inherited)",
					"@executable_path/Frameworks",
					"@loader_path/Frameworks",
				);
				PRODUCT_BUNDLE_IDENTIFIER = appdev.ToyTests;
				PRODUCT_NAME = "$(TARGET_NAME)";
				SWIFT_VERSION = 4.0;
				TARGETED_DEVICE_FAMILY = "1,2";
				TEST_HOST = "$(BUILT_PRODUCTS_DIR)/Toy.app/Toy";
			};
			name = Debug;
		};
		0F950567216072D5005FE705 /* Release */ = {
			isa = XCBuildConfiguration;
			buildSettings = {
				ALWAYS_EMBED_SWIFT_STANDARD_LIBRARIES = YES;
				BUNDLE_LOADER = "$(TEST_HOST)";
				CODE_SIGN_STYLE = Automatic;
				INFOPLIST_FILE = ToyTests/Info.plist;
				LD_RUNPATH_SEARCH_PATHS = (
					"$(inherited)",
					"@executable_path/Frameworks",
					"@loader_path/Frameworks",
				);
				PRODUCT_BUNDLE_IDENTIFIER = appdev.ToyTests;
				PRODUCT_NAME = "$(TARGET_NAME)";
				SWIFT_VERSION = 4.0;
				TARGETED_DEVICE_FAMILY = "1,2";
				TEST_HOST = "$(BUILT_PRODUCTS_DIR)/Toy.app/Toy";
			};
			name = Release;
		};
		0F950569216072D5005FE705 /* Debug */ = {
			isa = XCBuildConfiguration;
			buildSettings = {
				ALWAYS_EMBED_SWIFT_STANDARD_LIBRARIES = YES;
				CODE_SIGN_STYLE = Automatic;
				INFOPLIST_FILE = ToyUITests/Info.plist;
				LD_RUNPATH_SEARCH_PATHS = (
					"$(inherited)",
					"@executable_path/Frameworks",
					"@loader_path/Frameworks",
				);
				PRODUCT_BUNDLE_IDENTIFIER = appdev.ToyUITests;
				PRODUCT_NAME = "$(TARGET_NAME)";
				SWIFT_VERSION = 4.0;
				TARGETED_DEVICE_FAMILY = "1,2";
				TEST_TARGET_NAME = Toy;
			};
			name = Debug;
		};
		0F95056A216072D5005FE705 /* Release */ = {
			isa = XCBuildConfiguration;
			buildSettings = {
				ALWAYS_EMBED_SWIFT_STANDARD_LIBRARIES = YES;
				CODE_SIGN_STYLE = Automatic;
				INFOPLIST_FILE = ToyUITests/Info.plist;
				LD_RUNPATH_SEARCH_PATHS = (
					"$(inherited)",
					"@executable_path/Frameworks",
					"@loader_path/Frameworks",
				);
				PRODUCT_BUNDLE_IDENTIFIER = appdev.ToyUITests;
				PRODUCT_NAME = "$(TARGET_NAME)";
				SWIFT_VERSION = 4.0;
				TARGETED_DEVICE_FAMILY = "1,2";
				TEST_TARGET_NAME = Toy;
			};
			name = Release;
		};
/* End XCBuildConfiguration section */

/* Begin XCConfigurationList section */
		0F950535216072D3005FE705 /* Build configuration list for PBXProject "Toy" */ = {
			isa = XCConfigurationList;
			buildConfigurations = (
				0F950560216072D5005FE705 /* Debug */,
				0F950561216072D5005FE705 /* Release */,
			);
			defaultConfigurationIsVisible = 0;
			defaultConfigurationName = Release;
		};
		0F950562216072D5005FE705 /* Build configuration list for PBXNativeTarget "Toy" */ = {
			isa = XCConfigurationList;
			buildConfigurations = (
				0F950563216072D5005FE705 /* Debug */,
				0F950564216072D5005FE705 /* Release */,
			);
			defaultConfigurationIsVisible = 0;
			defaultConfigurationName = Release;
		};
		0F950565216072D5005FE705 /* Build configuration list for PBXNativeTarget "ToyTests" */ = {
			isa = XCConfigurationList;
			buildConfigurations = (
				0F950566216072D5005FE705 /* Debug */,
				0F950567216072D5005FE705 /* Release */,
			);
			defaultConfigurationIsVisible = 0;
			defaultConfigurationName = Release;
		};
		0F950568216072D5005FE705 /* Build configuration list for PBXNativeTarget "ToyUITests" */ = {
			isa = XCConfigurationList;
			buildConfigurations = (
				0F950569216072D5005FE705 /* Debug */,
				0F95056A216072D5005FE705 /* Release */,
			);
			defaultConfigurationIsVisible = 0;
			defaultConfigurationName = Release;
		};
/* End XCConfigurationList section */
	};
	rootObject = 0F950532216072D3005FE705 /* Project object */;
}
